
Microsoft Visual Studio Solution File, Format Version 12.00
# Visual Studio 2013
VisualStudioVersion = 12.0.40629.0
MinimumVisualStudioVersion = 10.0.40219.1
Project("{FAE04EC0-301F-11D3-BF4B-00C04F79EFBC}") = "Approach.Event_Delegate", "Approach.Event_Delegate\Approach.Event_Delegate.csproj", "{0E3B3B12-91A3-4B4A-83B1-65936B3A362B}"
EndProject
Project("{FAE04EC0-301F-11D3-BF4B-00C04F79EFBC}") = "Approach.EventAggregator", "Approach.EventAggregator\Approach.EventAggregator.csproj", "{D7E6006C-2CC3-4524-9B9D-E1EE308A2AC9}"
EndProject
Global
	GlobalSection(SolutionConfigurationPlatforms) = preSolution
		Debug|Any CPU = Debug|Any CPU
		Release|Any CPU = Release|Any CPU
	EndGlobalSection
	GlobalSection(ProjectConfigurationPlatforms) = postSolution
		{0E3B3B12-91A3-4B4A-83B1-65936B3A362B}.Debug|Any CPU.ActiveCfg = Debug|Any CPU
		{0E3B3B12-91A3-4B4A-83B1-65936B3A362B}.Debug|Any CPU.Build.0 = Debug|Any CPU
		{0E3B3B12-91A3-4B4A-83B1-65936B3A362B}.Release|Any CPU.ActiveCfg = Release|Any CPU
		{0E3B3B12-91A3-4B4A-83B1-65936B3A362B}.Release|Any CPU.Build.0 = Release|Any CPU
		{D7E6006C-2CC3-4524-9B9D-E1EE308A2AC9}.Debug|Any CPU.ActiveCfg = Debug|Any CPU
		{D7E6006C-2CC3-4524-9B9D-E1EE308A2AC9}.Debug|Any CPU.Build.0 = Debug|Any CPU
		{D7E6006C-2CC3-4524-9B9D-E1EE308A2AC9}.Release|Any CPU.ActiveCfg = Release|Any CPU
		{D7E6006C-2CC3-4524-9B9D-E1EE308A2AC9}.Release|Any CPU.Build.0 = Release|Any CPU
	EndGlobalSection
	GlobalSection(SolutionProperties) = preSolution
		HideSolutionNode = FALSE
	EndGlobalSection
EndGlobal
